
Microsoft Visual Studio Solution File, Format Version 12.00
# Visual Studio Version 17
VisualStudioVersion = 17.13.35931.197 d17.13
MinimumVisualStudioVersion = 10.0.40219.1
Project("{FAE04EC0-301F-11D3-BF4B-00C04F79EFBC}") = "Doctor Codenstein", "Doctor Codenstein\Doctor Codenstein.csproj", "{A800CC6A-1742-4DF1-B14F-5692E0A90923}"
EndProject
Global
	GlobalSection(SolutionConfigurationPlatforms) = preSolution
		Debug|Any CPU = Debug|Any CPU
		Release|Any CPU = Release|Any CPU
	EndGlobalSection
	GlobalSection(ProjectConfigurationPlatforms) = postSolution
		{A800CC6A-1742-4DF1-B14F-5692E0A90923}.Debug|Any CPU.ActiveCfg = Debug|Any CPU
		{A800CC6A-1742-4DF1-B14F-5692E0A90923}.Debug|Any CPU.Build.0 = Debug|Any CPU
		{A800CC6A-1742-4DF1-B14F-5692E0A90923}.Release|Any CPU.ActiveCfg = Release|Any CPU
		{A800CC6A-1742-4DF1-B14F-5692E0A90923}.Release|Any CPU.Build.0 = Release|Any CPU
	EndGlobalSection
	GlobalSection(SolutionProperties) = preSolution
		HideSolutionNode = FALSE
	EndGlobalSection
	GlobalSection(ExtensibilityGlobals) = postSolution
		SolutionGuid = {E98BCC0B-5875-43F7-BEFF-E55646EC6837}
	EndGlobalSection
EndGlobal
